
Microsoft Visual Studio Solution File, Format Version 12.00
# Visual Studio Version 17
VisualStudioVersion = 17.14.36518.9
MinimumVisualStudioVersion = 10.0.40219.1
Project("{FAE04EC0-301F-11D3-BF4B-00C04F79EFBC}") = "YaramBrowser", "YaramBrowser.csproj", "{7CA8A2C5-4633-48FC-A80D-CB7A0C050111}"
EndProject
Global
	GlobalSection(SolutionConfigurationPlatforms) = preSolution
		Debug|Any CPU = Debug|Any CPU
		Release|Any CPU = Release|Any CPU
	EndGlobalSection
	GlobalSection(ProjectConfigurationPlatforms) = postSolution
		{7CA8A2C5-4633-48FC-A80D-CB7A0C050111}.Debug|Any CPU.ActiveCfg = Debug|Any CPU
		{7CA8A2C5-4633-48FC-A80D-CB7A0C050111}.Debug|Any CPU.Build.0 = Debug|Any CPU
		{7CA8A2C5-4633-48FC-A80D-CB7A0C050111}.Release|Any CPU.ActiveCfg = Release|Any CPU
		{7CA8A2C5-4633-48FC-A80D-CB7A0C050111}.Release|Any CPU.Build.0 = Release|Any CPU
	EndGlobalSection
	GlobalSection(SolutionProperties) = preSolution
		HideSolutionNode = FALSE
	EndGlobalSection
	GlobalSection(ExtensibilityGlobals) = postSolution
		SolutionGuid = {29D52377-D71D-4E30-B7E6-42FAFF3563AD}
	EndGlobalSection
EndGlobal
